
Microsoft Visual Studio Solution File, Format Version 12.00
# Visual Studio Version 17
VisualStudioVersion = 17.10.35122.118
MinimumVisualStudioVersion = 10.0.40219.1
Project("{9A19103F-16F7-4668-BE54-9A1E7A4F7556}") = "ScramblerWeb.Server", "ScramblerWeb.Server\ScramblerWeb.Server.csproj", "{87B80391-2DCB-42E2-8766-54B0411D8C02}"
EndProject
Project("{54A90642-561A-4BB1-A94E-469ADEE60C69}") = "scramblerweb.client", "scramblerweb.client\scramblerweb.client.esproj", "{52960A7F-E710-421E-B968-FEE6B5E0E336}"
EndProject
Project("{FAE04EC0-301F-11D3-BF4B-00C04F79EFBC}") = "ScramblerWeb.Tests", "ScramblerWeb.Tests\ScramblerWeb.Tests.csproj", "{E5D9D07F-1F4C-42DF-A72C-1A74C4AAC89B}"
EndProject
Global
	GlobalSection(SolutionConfigurationPlatforms) = preSolution
		Debug|Any CPU = Debug|Any CPU
		Release|Any CPU = Release|Any CPU
	EndGlobalSection
	GlobalSection(ProjectConfigurationPlatforms) = postSolution
		{87B80391-2DCB-42E2-8766-54B0411D8C02}.Debug|Any CPU.ActiveCfg = Debug|Any CPU
		{87B80391-2DCB-42E2-8766-54B0411D8C02}.Debug|Any CPU.Build.0 = Debug|Any CPU
		{87B80391-2DCB-42E2-8766-54B0411D8C02}.Release|Any CPU.ActiveCfg = Release|Any CPU
		{87B80391-2DCB-42E2-8766-54B0411D8C02}.Release|Any CPU.Build.0 = Release|Any CPU
		{52960A7F-E710-421E-B968-FEE6B5E0E336}.Debug|Any CPU.ActiveCfg = Debug|Any CPU
		{52960A7F-E710-421E-B968-FEE6B5E0E336}.Debug|Any CPU.Build.0 = Debug|Any CPU
		{52960A7F-E710-421E-B968-FEE6B5E0E336}.Debug|Any CPU.Deploy.0 = Debug|Any CPU
		{52960A7F-E710-421E-B968-FEE6B5E0E336}.Release|Any CPU.ActiveCfg = Release|Any CPU
		{52960A7F-E710-421E-B968-FEE6B5E0E336}.Release|Any CPU.Build.0 = Release|Any CPU
		{52960A7F-E710-421E-B968-FEE6B5E0E336}.Release|Any CPU.Deploy.0 = Release|Any CPU
		{E5D9D07F-1F4C-42DF-A72C-1A74C4AAC89B}.Debug|Any CPU.ActiveCfg = Debug|Any CPU
		{E5D9D07F-1F4C-42DF-A72C-1A74C4AAC89B}.Debug|Any CPU.Build.0 = Debug|Any CPU
		{E5D9D07F-1F4C-42DF-A72C-1A74C4AAC89B}.Release|Any CPU.ActiveCfg = Release|Any CPU
		{E5D9D07F-1F4C-42DF-A72C-1A74C4AAC89B}.Release|Any CPU.Build.0 = Release|Any CPU
	EndGlobalSection
	GlobalSection(SolutionProperties) = preSolution
		HideSolutionNode = FALSE
	EndGlobalSection
	GlobalSection(ExtensibilityGlobals) = postSolution
		SolutionGuid = {6AF4C759-4F1C-48AB-A78E-56EBFE442AD0}
	EndGlobalSection
EndGlobal
